
Microsoft Visual Studio Solution File, Format Version 12.00
# Visual Studio 14
VisualStudioVersion = 14.0.23107.0
MinimumVisualStudioVersion = 10.0.40219.1
Project("{8BB2217D-0F2D-49D1-97BC-3654ED321F3B}") = "FantasyFootball.Data.Yahoo", "FantasyFootball.Data.Yahoo\FantasyFootball.Data.Yahoo.xproj", "{E1576369-89A5-40D5-A2FE-275E8A114246}"
EndProject
Project("{2150E333-8FDC-42A3-9474-1A3956D46DE8}") = "Solution Items", "Solution Items", "{469F5791-BB50-491F-8D5F-38EBA243755F}"
	ProjectSection(SolutionItems) = preProject
		global.json = global.json
	EndProjectSection
EndProject
Project("{8BB2217D-0F2D-49D1-97BC-3654ED321F3B}") = "FantasyFootball.Terminal", "FantasyFootball.Terminal\FantasyFootball.Terminal.xproj", "{67D7E694-DE22-4ACE-B060-2B460768B8CB}"
EndProject
Project("{8BB2217D-0F2D-49D1-97BC-3654ED321F3B}") = "FantasyFootball.Service.Football", "FantasyFootball.Service.Football\FantasyFootball.Service.Football.xproj", "{6EA6939E-6FE3-4BB1-8CA6-698064A87351}"
EndProject
Project("{8BB2217D-0F2D-49D1-97BC-3654ED321F3B}") = "FantasyFootball.Service.Fantasy", "FantasyFootball.Service.Fantasy\FantasyFootball.Service.Fantasy.xproj", "{40A85453-4FB2-480A-B446-2184FB1518BB}"
EndProject
Project("{8BB2217D-0F2D-49D1-97BC-3654ED321F3B}") = "FantasyFootball.Web", "FantasyFootball.Web\FantasyFootball.Web.xproj", "{84935FBC-F20E-4371-ADCF-D27DD12C423D}"
EndProject
Project("{8BB2217D-0F2D-49D1-97BC-3654ED321F3B}") = "FantasyFootball.Config", "FantasyFootball.Config\FantasyFootball.Config.xproj", "{D53DC2E7-6D68-4450-B861-46735C22D37C}"
EndProject
Project("{8BB2217D-0F2D-49D1-97BC-3654ED321F3B}") = "FantasyFootball.Service.Prediction", "FantasyFootball.Service.Prediction\FantasyFootball.Service.Prediction.xproj", "{5DA6414A-7A50-46D0-B951-E30A15CE5255}"
EndProject
Global
	GlobalSection(SolutionConfigurationPlatforms) = preSolution
		Debug|Any CPU = Debug|Any CPU
		Release|Any CPU = Release|Any CPU
	EndGlobalSection
	GlobalSection(ProjectConfigurationPlatforms) = postSolution
		{E1576369-89A5-40D5-A2FE-275E8A114246}.Debug|Any CPU.ActiveCfg = Debug|Any CPU
		{E1576369-89A5-40D5-A2FE-275E8A114246}.Debug|Any CPU.Build.0 = Debug|Any CPU
		{E1576369-89A5-40D5-A2FE-275E8A114246}.Release|Any CPU.ActiveCfg = Release|Any CPU
		{E1576369-89A5-40D5-A2FE-275E8A114246}.Release|Any CPU.Build.0 = Release|Any CPU
		{67D7E694-DE22-4ACE-B060-2B460768B8CB}.Debug|Any CPU.ActiveCfg = Debug|Any CPU
		{67D7E694-DE22-4ACE-B060-2B460768B8CB}.Debug|Any CPU.Build.0 = Debug|Any CPU
		{67D7E694-DE22-4ACE-B060-2B460768B8CB}.Release|Any CPU.ActiveCfg = Release|Any CPU
		{67D7E694-DE22-4ACE-B060-2B460768B8CB}.Release|Any CPU.Build.0 = Release|Any CPU
		{6EA6939E-6FE3-4BB1-8CA6-698064A87351}.Debug|Any CPU.ActiveCfg = Debug|Any CPU
		{6EA6939E-6FE3-4BB1-8CA6-698064A87351}.Debug|Any CPU.Build.0 = Debug|Any CPU
		{6EA6939E-6FE3-4BB1-8CA6-698064A87351}.Release|Any CPU.ActiveCfg = Release|Any CPU
		{6EA6939E-6FE3-4BB1-8CA6-698064A87351}.Release|Any CPU.Build.0 = Release|Any CPU
		{40A85453-4FB2-480A-B446-2184FB1518BB}.Debug|Any CPU.ActiveCfg = Debug|Any CPU
		{40A85453-4FB2-480A-B446-2184FB1518BB}.Debug|Any CPU.Build.0 = Debug|Any CPU
		{40A85453-4FB2-480A-B446-2184FB1518BB}.Release|Any CPU.ActiveCfg = Release|Any CPU
		{40A85453-4FB2-480A-B446-2184FB1518BB}.Release|Any CPU.Build.0 = Release|Any CPU
		{84935FBC-F20E-4371-ADCF-D27DD12C423D}.Debug|Any CPU.ActiveCfg = Debug|Any CPU
		{84935FBC-F20E-4371-ADCF-D27DD12C423D}.Debug|Any CPU.Build.0 = Debug|Any CPU
		{84935FBC-F20E-4371-ADCF-D27DD12C423D}.Release|Any CPU.ActiveCfg = Release|Any CPU
		{84935FBC-F20E-4371-ADCF-D27DD12C423D}.Release|Any CPU.Build.0 = Release|Any CPU
		{D53DC2E7-6D68-4450-B861-46735C22D37C}.Debug|Any CPU.ActiveCfg = Debug|Any CPU
		{D53DC2E7-6D68-4450-B861-46735C22D37C}.Debug|Any CPU.Build.0 = Debug|Any CPU
		{D53DC2E7-6D68-4450-B861-46735C22D37C}.Release|Any CPU.ActiveCfg = Release|Any CPU
		{D53DC2E7-6D68-4450-B861-46735C22D37C}.Release|Any CPU.Build.0 = Release|Any CPU
		{5DA6414A-7A50-46D0-B951-E30A15CE5255}.Debug|Any CPU.ActiveCfg = Debug|Any CPU
		{5DA6414A-7A50-46D0-B951-E30A15CE5255}.Debug|Any CPU.Build.0 = Debug|Any CPU
		{5DA6414A-7A50-46D0-B951-E30A15CE5255}.Release|Any CPU.ActiveCfg = Release|Any CPU
		{5DA6414A-7A50-46D0-B951-E30A15CE5255}.Release|Any CPU.Build.0 = Release|Any CPU
	EndGlobalSection
	GlobalSection(SolutionProperties) = preSolution
		HideSolutionNode = FALSE
	EndGlobalSection
EndGlobal
