
Microsoft Visual Studio Solution File, Format Version 12.00
# Visual Studio 2013
VisualStudioVersion = 12.0.30723.0
MinimumVisualStudioVersion = 10.0.40219.1
Project("{FAE04EC0-301F-11D3-BF4B-00C04F79EFBC}") = "Terminal", "Terminal\Terminal.csproj", "{D96B57CB-2210-4AEA-AE51-F9718D73E17E}"
EndProject
Project("{FAE04EC0-301F-11D3-BF4B-00C04F79EFBC}") = "Web", "Web\Web.csproj", "{3DAFA5EF-7C3E-445A-88EC-56752CE07F95}"
EndProject
Project("{FAE04EC0-301F-11D3-BF4B-00C04F79EFBC}") = "Data", "Data\Data.csproj", "{43101AC5-6F05-4B9A-ADFB-1ED28A2C5AC1}"
EndProject
Project("{FAE04EC0-301F-11D3-BF4B-00C04F79EFBC}") = "Objects", "Objects\Objects.csproj", "{9995557D-EDBF-4CFA-92D4-6AEDA2182E33}"
EndProject
Global
	GlobalSection(SolutionConfigurationPlatforms) = preSolution
		Debug|Any CPU = Debug|Any CPU
		Release|Any CPU = Release|Any CPU
	EndGlobalSection
	GlobalSection(ProjectConfigurationPlatforms) = postSolution
		{D96B57CB-2210-4AEA-AE51-F9718D73E17E}.Debug|Any CPU.ActiveCfg = Debug|Any CPU
		{D96B57CB-2210-4AEA-AE51-F9718D73E17E}.Debug|Any CPU.Build.0 = Debug|Any CPU
		{D96B57CB-2210-4AEA-AE51-F9718D73E17E}.Release|Any CPU.ActiveCfg = Release|Any CPU
		{D96B57CB-2210-4AEA-AE51-F9718D73E17E}.Release|Any CPU.Build.0 = Release|Any CPU
		{3DAFA5EF-7C3E-445A-88EC-56752CE07F95}.Debug|Any CPU.ActiveCfg = Debug|Any CPU
		{3DAFA5EF-7C3E-445A-88EC-56752CE07F95}.Debug|Any CPU.Build.0 = Debug|Any CPU
		{3DAFA5EF-7C3E-445A-88EC-56752CE07F95}.Release|Any CPU.ActiveCfg = Release|Any CPU
		{3DAFA5EF-7C3E-445A-88EC-56752CE07F95}.Release|Any CPU.Build.0 = Release|Any CPU
		{43101AC5-6F05-4B9A-ADFB-1ED28A2C5AC1}.Debug|Any CPU.ActiveCfg = Debug|Any CPU
		{43101AC5-6F05-4B9A-ADFB-1ED28A2C5AC1}.Debug|Any CPU.Build.0 = Debug|Any CPU
		{43101AC5-6F05-4B9A-ADFB-1ED28A2C5AC1}.Release|Any CPU.ActiveCfg = Release|Any CPU
		{43101AC5-6F05-4B9A-ADFB-1ED28A2C5AC1}.Release|Any CPU.Build.0 = Release|Any CPU
		{9995557D-EDBF-4CFA-92D4-6AEDA2182E33}.Debug|Any CPU.ActiveCfg = Debug|Any CPU
		{9995557D-EDBF-4CFA-92D4-6AEDA2182E33}.Debug|Any CPU.Build.0 = Debug|Any CPU
		{9995557D-EDBF-4CFA-92D4-6AEDA2182E33}.Release|Any CPU.ActiveCfg = Release|Any CPU
		{9995557D-EDBF-4CFA-92D4-6AEDA2182E33}.Release|Any CPU.Build.0 = Release|Any CPU
	EndGlobalSection
	GlobalSection(SolutionProperties) = preSolution
		HideSolutionNode = FALSE
	EndGlobalSection
EndGlobal
